
Microsoft Visual Studio Solution File, Format Version 12.00
# Visual Studio Version 16
VisualStudioVersion = 16.0.29409.12
MinimumVisualStudioVersion = 10.0.40219.1
Project("{FAE04EC0-301F-11D3-BF4B-00C04F79EFBC}") = "irfhazi7", "irfhazi7\irfhazi7.csproj", "{9EDD143C-0AD3-4F3A-8A24-ECF0169B4A4E}"
EndProject
Global
	GlobalSection(SolutionConfigurationPlatforms) = preSolution
		Debug|Any CPU = Debug|Any CPU
		Release|Any CPU = Release|Any CPU
	EndGlobalSection
	GlobalSection(ProjectConfigurationPlatforms) = postSolution
		{9EDD143C-0AD3-4F3A-8A24-ECF0169B4A4E}.Debug|Any CPU.ActiveCfg = Debug|Any CPU
		{9EDD143C-0AD3-4F3A-8A24-ECF0169B4A4E}.Debug|Any CPU.Build.0 = Debug|Any CPU
		{9EDD143C-0AD3-4F3A-8A24-ECF0169B4A4E}.Release|Any CPU.ActiveCfg = Release|Any CPU
		{9EDD143C-0AD3-4F3A-8A24-ECF0169B4A4E}.Release|Any CPU.Build.0 = Release|Any CPU
	EndGlobalSection
	GlobalSection(SolutionProperties) = preSolution
		HideSolutionNode = FALSE
	EndGlobalSection
	GlobalSection(ExtensibilityGlobals) = postSolution
		SolutionGuid = {6530D015-26D0-4BDD-9CF4-1D27A493AA17}
	EndGlobalSection
EndGlobal
